
Microsoft Visual Studio Solution File, Format Version 12.00
# Visual Studio Version 16
VisualStudioVersion = 16.0.30914.41
MinimumVisualStudioVersion = 10.0.40219.1
Project("{9A19103F-16F7-4668-BE54-9A1E7A4F7556}") = "LostInSpace.WebApp.Client", "LostInSpace.WebApp.Client\LostInSpace.WebApp.Client.csproj", "{BFA08D7F-7EF8-438D-9800-5ED6D095DA46}"
EndProject
Project("{9A19103F-16F7-4668-BE54-9A1E7A4F7556}") = "LostInSpace.WebApp.Server", "LostInSpace.WebApp.Server\LostInSpace.WebApp.Server.csproj", "{72894862-5F0E-4232-902B-4C9465EA1980}"
EndProject
Project("{9A19103F-16F7-4668-BE54-9A1E7A4F7556}") = "LostInSpace.WebApp.Shared", "LostInSpace.WebApp.Shared\LostInSpace.WebApp.Shared.csproj", "{AF2FF210-F4F6-4F71-9864-AD723F8FAC40}"
EndProject
Global
	GlobalSection(SolutionConfigurationPlatforms) = preSolution
		Debug|Any CPU = Debug|Any CPU
		Release|Any CPU = Release|Any CPU
	EndGlobalSection
	GlobalSection(ProjectConfigurationPlatforms) = postSolution
		{BFA08D7F-7EF8-438D-9800-5ED6D095DA46}.Debug|Any CPU.ActiveCfg = Debug|Any CPU
		{BFA08D7F-7EF8-438D-9800-5ED6D095DA46}.Debug|Any CPU.Build.0 = Debug|Any CPU
		{BFA08D7F-7EF8-438D-9800-5ED6D095DA46}.Release|Any CPU.ActiveCfg = Release|Any CPU
		{BFA08D7F-7EF8-438D-9800-5ED6D095DA46}.Release|Any CPU.Build.0 = Release|Any CPU
		{72894862-5F0E-4232-902B-4C9465EA1980}.Debug|Any CPU.ActiveCfg = Debug|Any CPU
		{72894862-5F0E-4232-902B-4C9465EA1980}.Debug|Any CPU.Build.0 = Debug|Any CPU
		{72894862-5F0E-4232-902B-4C9465EA1980}.Release|Any CPU.ActiveCfg = Release|Any CPU
		{72894862-5F0E-4232-902B-4C9465EA1980}.Release|Any CPU.Build.0 = Release|Any CPU
		{AF2FF210-F4F6-4F71-9864-AD723F8FAC40}.Debug|Any CPU.ActiveCfg = Debug|Any CPU
		{AF2FF210-F4F6-4F71-9864-AD723F8FAC40}.Debug|Any CPU.Build.0 = Debug|Any CPU
		{AF2FF210-F4F6-4F71-9864-AD723F8FAC40}.Release|Any CPU.ActiveCfg = Release|Any CPU
		{AF2FF210-F4F6-4F71-9864-AD723F8FAC40}.Release|Any CPU.Build.0 = Release|Any CPU
	EndGlobalSection
	GlobalSection(SolutionProperties) = preSolution
		HideSolutionNode = FALSE
	EndGlobalSection
	GlobalSection(ExtensibilityGlobals) = postSolution
		SolutionGuid = {FAEB5F72-95EC-40EA-B57A-9CA7F6891EDF}
	EndGlobalSection
EndGlobal
